
Microsoft Visual Studio Solution File, Format Version 12.00
# Visual Studio Version 17
VisualStudioVersion = 17.4.33122.133
MinimumVisualStudioVersion = 10.0.40219.1
Project("{FAE04EC0-301F-11D3-BF4B-00C04F79EFBC}") = "SPP.Back", "SPP.Back\SPP.Back.csproj", "{9FDE6E82-40EF-410B-81D2-0B466BBA5400}"
EndProject
Global
	GlobalSection(SolutionConfigurationPlatforms) = preSolution
		Debug|Any CPU = Debug|Any CPU
		Release|Any CPU = Release|Any CPU
	EndGlobalSection
	GlobalSection(ProjectConfigurationPlatforms) = postSolution
		{9FDE6E82-40EF-410B-81D2-0B466BBA5400}.Debug|Any CPU.ActiveCfg = Debug|Any CPU
		{9FDE6E82-40EF-410B-81D2-0B466BBA5400}.Debug|Any CPU.Build.0 = Debug|Any CPU
		{9FDE6E82-40EF-410B-81D2-0B466BBA5400}.Release|Any CPU.ActiveCfg = Release|Any CPU
		{9FDE6E82-40EF-410B-81D2-0B466BBA5400}.Release|Any CPU.Build.0 = Release|Any CPU
	EndGlobalSection
	GlobalSection(SolutionProperties) = preSolution
		HideSolutionNode = FALSE
	EndGlobalSection
	GlobalSection(ExtensibilityGlobals) = postSolution
		SolutionGuid = {47964EDC-67E6-4415-92FA-7CC621C11BD2}
	EndGlobalSection
EndGlobal
